// !$*UTF8*$!
{
	archiveVersion = 1;
	classes = {
	};
	objectVersion = 56;
	objects = {

/* Begin PBXBuildFile section */
		2D3413C546757DC648ED0C38 /* Pods_Nanameue_Mini_App.framework in Frameworks */ = {isa = PBXBuildFile; fileRef = EE8531CDEF0BF9B3D39D6C64 /* Pods_Nanameue_Mini_App.framework */; };
		903555EC299BEA27008E34D5 /* ProfileService.swift in Sources */ = {isa = PBXBuildFile; fileRef = 903555EB299BEA27008E34D5 /* ProfileService.swift */; };
		903555EE299BEA3D008E34D5 /* Constants.swift in Sources */ = {isa = PBXBuildFile; fileRef = 903555ED299BEA3D008E34D5 /* Constants.swift */; };
		903555F0299BEC42008E34D5 /* UserModel.swift in Sources */ = {isa = PBXBuildFile; fileRef = 903555EF299BEC42008E34D5 /* UserModel.swift */; };
		903555F6299C1EB4008E34D5 /* PostUploadController.swift in Sources */ = {isa = PBXBuildFile; fileRef = 903555F5299C1EB4008E34D5 /* PostUploadController.swift */; };
		903555FA299C310D008E34D5 /* MultiLineInputTextView.swift in Sources */ = {isa = PBXBuildFile; fileRef = 903555F9299C310D008E34D5 /* MultiLineInputTextView.swift */; };
		904DB4F72997AA8C00704C08 /* MainTabController.swift in Sources */ = {isa = PBXBuildFile; fileRef = 904DB4F62997AA8C00704C08 /* MainTabController.swift */; };
		904DB5192997AB3300704C08 /* SceneDelegate.swift in Sources */ = {isa = PBXBuildFile; fileRef = 904DB5182997AB3300704C08 /* SceneDelegate.swift */; };
		904DB51B2997AECC00704C08 /* MainFeedController.swift in Sources */ = {isa = PBXBuildFile; fileRef = 904DB51A2997AECC00704C08 /* MainFeedController.swift */; };
		904DB51D2997AF8300704C08 /* SearchController.swift in Sources */ = {isa = PBXBuildFile; fileRef = 904DB51C2997AF8300704C08 /* SearchController.swift */; };
		904DB51F2997AF9200704C08 /* NotificationController.swift in Sources */ = {isa = PBXBuildFile; fileRef = 904DB51E2997AF9200704C08 /* NotificationController.swift */; };
		904DB5212997AFA800704C08 /* PostMakerController.swift in Sources */ = {isa = PBXBuildFile; fileRef = 904DB5202997AFA800704C08 /* PostMakerController.swift */; };
		904DB5232997AFB100704C08 /* ProfileController.swift in Sources */ = {isa = PBXBuildFile; fileRef = 904DB5222997AFB100704C08 /* ProfileController.swift */; };
		904DB5252998395200704C08 /* FeedCollectionViewCell.swift in Sources */ = {isa = PBXBuildFile; fileRef = 904DB5242998395200704C08 /* FeedCollectionViewCell.swift */; };
		904DB52729983A9E00704C08 /* Extensions.swift in Sources */ = {isa = PBXBuildFile; fileRef = 904DB52629983A9E00704C08 /* Extensions.swift */; };
		904DB52A2998E97700704C08 /* RegistrationController.swift in Sources */ = {isa = PBXBuildFile; fileRef = 904DB5292998E97700704C08 /* RegistrationController.swift */; };
		904DB52C2998EBC300704C08 /* LoginController.swift in Sources */ = {isa = PBXBuildFile; fileRef = 904DB52B2998EBC300704C08 /* LoginController.swift */; };
		904DB52E2998FF7B00704C08 /* CustomTextField.swift in Sources */ = {isa = PBXBuildFile; fileRef = 904DB52D2998FF7B00704C08 /* CustomTextField.swift */; };
		904DB5302999272600704C08 /* AuthenticationViewModel.swift in Sources */ = {isa = PBXBuildFile; fileRef = 904DB52F2999272600704C08 /* AuthenticationViewModel.swift */; };
		904DB532299971D600704C08 /* GoogleService-Info.plist in Resources */ = {isa = PBXBuildFile; fileRef = 904DB531299971D600704C08 /* GoogleService-Info.plist */; };
		904DB5342999758600704C08 /* UploadImage.swift in Sources */ = {isa = PBXBuildFile; fileRef = 904DB5332999758600704C08 /* UploadImage.swift */; };
		904DB5362999796B00704C08 /* AuthenticationService.swift in Sources */ = {isa = PBXBuildFile; fileRef = 904DB5352999796B00704C08 /* AuthenticationService.swift */; };
		904DB53D299A8FB400704C08 /* ProfileHeader.swift in Sources */ = {isa = PBXBuildFile; fileRef = 904DB53C299A8FB400704C08 /* ProfileHeader.swift */; };
		9073F23A29969CE6003143B2 /* AppDelegate.swift in Sources */ = {isa = PBXBuildFile; fileRef = 9073F23929969CE6003143B2 /* AppDelegate.swift */; };
		9073F24129969CE6003143B2 /* Main.storyboard in Resources */ = {isa = PBXBuildFile; fileRef = 9073F23F29969CE6003143B2 /* Main.storyboard */; };
		9073F24329969CE8003143B2 /* Assets.xcassets in Resources */ = {isa = PBXBuildFile; fileRef = 9073F24229969CE8003143B2 /* Assets.xcassets */; };
		9073F24629969CE8003143B2 /* LaunchScreen.storyboard in Resources */ = {isa = PBXBuildFile; fileRef = 9073F24429969CE8003143B2 /* LaunchScreen.storyboard */; };
		909E008129A040D200879BA4 /* AuthenticationModelTests.swift in Sources */ = {isa = PBXBuildFile; fileRef = 909E008029A040D200879BA4 /* AuthenticationModelTests.swift */; };
		90A5B7E4299D6A6900FB4F99 /* PostService.swift in Sources */ = {isa = PBXBuildFile; fileRef = 90A5B7E3299D6A6900FB4F99 /* PostService.swift */; };
		90A5B7E6299D87EF00FB4F99 /* PostModel.swift in Sources */ = {isa = PBXBuildFile; fileRef = 90A5B7E5299D87EF00FB4F99 /* PostModel.swift */; };
		90A5B7E8299D8B9200FB4F99 /* PostViewModel.swift in Sources */ = {isa = PBXBuildFile; fileRef = 90A5B7E7299D8B9200FB4F99 /* PostViewModel.swift */; };
		90A5B7EB299E6CCB00FB4F99 /* TextOnlyPostCell.swift in Sources */ = {isa = PBXBuildFile; fileRef = 90A5B7EA299E6CCB00FB4F99 /* TextOnlyPostCell.swift */; };
		90A5B7ED299E6D4E00FB4F99 /* ImageOnlyPostCell.swift in Sources */ = {isa = PBXBuildFile; fileRef = 90A5B7EC299E6D4E00FB4F99 /* ImageOnlyPostCell.swift */; };
/* End PBXBuildFile section */

/* Begin PBXContainerItemProxy section */
		909E008229A040D200879BA4 /* PBXContainerItemProxy */ = {
			isa = PBXContainerItemProxy;
			containerPortal = 9073F22E29969CE6003143B2 /* Project object */;
			proxyType = 1;
			remoteGlobalIDString = 9073F23529969CE6003143B2;
			remoteInfo = "Nanameue Mini App";
		};
/* End PBXContainerItemProxy section */

/* Begin PBXFileReference section */
		903555EB299BEA27008E34D5 /* ProfileService.swift */ = {isa = PBXFileReference; lastKnownFileType = sourcecode.swift; path = ProfileService.swift; sourceTree = "<group>"; };
		903555ED299BEA3D008E34D5 /* Constants.swift */ = {isa = PBXFileReference; lastKnownFileType = sourcecode.swift; path = Constants.swift; sourceTree = "<group>"; };
		903555EF299BEC42008E34D5 /* UserModel.swift */ = {isa = PBXFileReference; lastKnownFileType = sourcecode.swift; path = UserModel.swift; sourceTree = "<group>"; };
		903555F5299C1EB4008E34D5 /* PostUploadController.swift */ = {isa = PBXFileReference; lastKnownFileType = sourcecode.swift; path = PostUploadController.swift; sourceTree = "<group>"; };
		903555F9299C310D008E34D5 /* MultiLineInputTextView.swift */ = {isa = PBXFileReference; lastKnownFileType = sourcecode.swift; path = MultiLineInputTextView.swift; sourceTree = "<group>"; };
		904DB4F62997AA8C00704C08 /* MainTabController.swift */ = {isa = PBXFileReference; lastKnownFileType = sourcecode.swift; path = MainTabController.swift; sourceTree = "<group>"; };
		904DB5182997AB3300704C08 /* SceneDelegate.swift */ = {isa = PBXFileReference; lastKnownFileType = sourcecode.swift; path = SceneDelegate.swift; sourceTree = "<group>"; };
		904DB51A2997AECC00704C08 /* MainFeedController.swift */ = {isa = PBXFileReference; lastKnownFileType = sourcecode.swift; path = MainFeedController.swift; sourceTree = "<group>"; };
		904DB51C2997AF8300704C08 /* SearchController.swift */ = {isa = PBXFileReference; lastKnownFileType = sourcecode.swift; path = SearchController.swift; sourceTree = "<group>"; };
		904DB51E2997AF9200704C08 /* NotificationController.swift */ = {isa = PBXFileReference; lastKnownFileType = sourcecode.swift; path = NotificationController.swift; sourceTree = "<group>"; };
		904DB5202997AFA800704C08 /* PostMakerController.swift */ = {isa = PBXFileReference; lastKnownFileType = sourcecode.swift; path = PostMakerController.swift; sourceTree = "<group>"; };
		904DB5222997AFB100704C08 /* ProfileController.swift */ = {isa = PBXFileReference; lastKnownFileType = sourcecode.swift; path = ProfileController.swift; sourceTree = "<group>"; };
		904DB5242998395200704C08 /* FeedCollectionViewCell.swift */ = {isa = PBXFileReference; lastKnownFileType = sourcecode.swift; path = FeedCollectionViewCell.swift; sourceTree = "<group>"; };
		904DB52629983A9E00704C08 /* Extensions.swift */ = {isa = PBXFileReference; lastKnownFileType = sourcecode.swift; path = Extensions.swift; sourceTree = "<group>"; };
		904DB5292998E97700704C08 /* RegistrationController.swift */ = {isa = PBXFileReference; lastKnownFileType = sourcecode.swift; path = RegistrationController.swift; sourceTree = "<group>"; };
		904DB52B2998EBC300704C08 /* LoginController.swift */ = {isa = PBXFileReference; lastKnownFileType = sourcecode.swift; path = LoginController.swift; sourceTree = "<group>"; };
		904DB52D2998FF7B00704C08 /* CustomTextField.swift */ = {isa = PBXFileReference; lastKnownFileType = sourcecode.swift; path = CustomTextField.swift; sourceTree = "<group>"; };
		904DB52F2999272600704C08 /* AuthenticationViewModel.swift */ = {isa = PBXFileReference; lastKnownFileType = sourcecode.swift; path = AuthenticationViewModel.swift; sourceTree = "<group>"; };
		904DB531299971D600704C08 /* GoogleService-Info.plist */ = {isa = PBXFileReference; fileEncoding = 4; lastKnownFileType = text.plist.xml; path = "GoogleService-Info.plist"; sourceTree = "<group>"; };
		904DB5332999758600704C08 /* UploadImage.swift */ = {isa = PBXFileReference; lastKnownFileType = sourcecode.swift; path = UploadImage.swift; sourceTree = "<group>"; };
		904DB5352999796B00704C08 /* AuthenticationService.swift */ = {isa = PBXFileReference; lastKnownFileType = sourcecode.swift; path = AuthenticationService.swift; sourceTree = "<group>"; };
		904DB53C299A8FB400704C08 /* ProfileHeader.swift */ = {isa = PBXFileReference; lastKnownFileType = sourcecode.swift; path = ProfileHeader.swift; sourceTree = "<group>"; };
		9073F23629969CE6003143B2 /* Nanameue Mini App.app */ = {isa = PBXFileReference; explicitFileType = wrapper.application; includeInIndex = 0; path = "Nanameue Mini App.app"; sourceTree = BUILT_PRODUCTS_DIR; };
		9073F23929969CE6003143B2 /* AppDelegate.swift */ = {isa = PBXFileReference; lastKnownFileType = sourcecode.swift; path = AppDelegate.swift; sourceTree = "<group>"; };
		9073F24029969CE6003143B2 /* Base */ = {isa = PBXFileReference; lastKnownFileType = file.storyboard; name = Base; path = Base.lproj/Main.storyboard; sourceTree = "<group>"; };
		9073F24229969CE8003143B2 /* Assets.xcassets */ = {isa = PBXFileReference; lastKnownFileType = folder.assetcatalog; path = Assets.xcassets; sourceTree = "<group>"; };
		9073F24529969CE8003143B2 /* Base */ = {isa = PBXFileReference; lastKnownFileType = file.storyboard; name = Base; path = Base.lproj/LaunchScreen.storyboard; sourceTree = "<group>"; };
		9073F24729969CE8003143B2 /* Info.plist */ = {isa = PBXFileReference; lastKnownFileType = text.plist.xml; path = Info.plist; sourceTree = "<group>"; };
		909E007E29A040D200879BA4 /* Nanameue Mini AppTests.xctest */ = {isa = PBXFileReference; explicitFileType = wrapper.cfbundle; includeInIndex = 0; path = "Nanameue Mini AppTests.xctest"; sourceTree = BUILT_PRODUCTS_DIR; };
		909E008029A040D200879BA4 /* AuthenticationModelTests.swift */ = {isa = PBXFileReference; lastKnownFileType = sourcecode.swift; path = AuthenticationModelTests.swift; sourceTree = "<group>"; };
		90A5B7E3299D6A6900FB4F99 /* PostService.swift */ = {isa = PBXFileReference; lastKnownFileType = sourcecode.swift; path = PostService.swift; sourceTree = "<group>"; };
		90A5B7E5299D87EF00FB4F99 /* PostModel.swift */ = {isa = PBXFileReference; lastKnownFileType = sourcecode.swift; path = PostModel.swift; sourceTree = "<group>"; };
		90A5B7E7299D8B9200FB4F99 /* PostViewModel.swift */ = {isa = PBXFileReference; lastKnownFileType = sourcecode.swift; path = PostViewModel.swift; sourceTree = "<group>"; };
		90A5B7EA299E6CCB00FB4F99 /* TextOnlyPostCell.swift */ = {isa = PBXFileReference; lastKnownFileType = sourcecode.swift; path = TextOnlyPostCell.swift; sourceTree = "<group>"; };
		90A5B7EC299E6D4E00FB4F99 /* ImageOnlyPostCell.swift */ = {isa = PBXFileReference; lastKnownFileType = sourcecode.swift; path = ImageOnlyPostCell.swift; sourceTree = "<group>"; };
		E3CD077D9D1093A07DD49C9C /* Pods-Nanameue Mini App.debug.xcconfig */ = {isa = PBXFileReference; includeInIndex = 1; lastKnownFileType = text.xcconfig; name = "Pods-Nanameue Mini App.debug.xcconfig"; path = "Target Support Files/Pods-Nanameue Mini App/Pods-Nanameue Mini App.debug.xcconfig"; sourceTree = "<group>"; };
		E4AA052CF754F083EEBEFB3B /* Pods-Nanameue Mini App.release.xcconfig */ = {isa = PBXFileReference; includeInIndex = 1; lastKnownFileType = text.xcconfig; name = "Pods-Nanameue Mini App.release.xcconfig"; path = "Target Support Files/Pods-Nanameue Mini App/Pods-Nanameue Mini App.release.xcconfig"; sourceTree = "<group>"; };
		EE8531CDEF0BF9B3D39D6C64 /* Pods_Nanameue_Mini_App.framework */ = {isa = PBXFileReference; explicitFileType = wrapper.framework; includeInIndex = 0; path = Pods_Nanameue_Mini_App.framework; sourceTree = BUILT_PRODUCTS_DIR; };
/* End PBXFileReference section */

/* Begin PBXFrameworksBuildPhase section */
		9073F23329969CE6003143B2 /* Frameworks */ = {
			isa = PBXFrameworksBuildPhase;
			buildActionMask = 2147483647;
			files = (
				2D3413C546757DC648ED0C38 /* Pods_Nanameue_Mini_App.framework in Frameworks */,
			);
			runOnlyForDeploymentPostprocessing = 0;
		};
		909E007B29A040D200879BA4 /* Frameworks */ = {
			isa = PBXFrameworksBuildPhase;
			buildActionMask = 2147483647;
			files = (
			);
			runOnlyForDeploymentPostprocessing = 0;
		};
/* End PBXFrameworksBuildPhase section */

/* Begin PBXGroup section */
		044939C53D393982C3ED1B1E /* Frameworks */ = {
			isa = PBXGroup;
			children = (
				EE8531CDEF0BF9B3D39D6C64 /* Pods_Nanameue_Mini_App.framework */,
			);
			name = Frameworks;
			sourceTree = "<group>";
		};
		904DB4F02997AA1600704C08 /* View */ = {
			isa = PBXGroup;
			children = (
				90A5B7E9299E6CA000FB4F99 /* Feed */,
				904DB537299A8F8600704C08 /* Profile */,
				904DB52D2998FF7B00704C08 /* CustomTextField.swift */,
				903555F9299C310D008E34D5 /* MultiLineInputTextView.swift */,
			);
			path = View;
			sourceTree = "<group>";
		};
		904DB4F12997AA1A00704C08 /* ViewModel */ = {
			isa = PBXGroup;
			children = (
				904DB52F2999272600704C08 /* AuthenticationViewModel.swift */,
				90A5B7E7299D8B9200FB4F99 /* PostViewModel.swift */,
			);
			path = ViewModel;
			sourceTree = "<group>";
		};
		904DB4F22997AA2300704C08 /* Controller */ = {
			isa = PBXGroup;
			children = (
				904DB5282998E96400704C08 /* Auth */,
				904DB4F62997AA8C00704C08 /* MainTabController.swift */,
				904DB51A2997AECC00704C08 /* MainFeedController.swift */,
				904DB51C2997AF8300704C08 /* SearchController.swift */,
				904DB51E2997AF9200704C08 /* NotificationController.swift */,
				904DB5202997AFA800704C08 /* PostMakerController.swift */,
				904DB5222997AFB100704C08 /* ProfileController.swift */,
				903555F5299C1EB4008E34D5 /* PostUploadController.swift */,
			);
			path = Controller;
			sourceTree = "<group>";
		};
		904DB4F32997AA3100704C08 /* Model */ = {
			isa = PBXGroup;
			children = (
				903555EF299BEC42008E34D5 /* UserModel.swift */,
				90A5B7E5299D87EF00FB4F99 /* PostModel.swift */,
			);
			path = Model;
			sourceTree = "<group>";
		};
		904DB4F42997AA4500704C08 /* API */ = {
			isa = PBXGroup;
			children = (
				904DB5332999758600704C08 /* UploadImage.swift */,
				904DB5352999796B00704C08 /* AuthenticationService.swift */,
				903555EB299BEA27008E34D5 /* ProfileService.swift */,
				90A5B7E3299D6A6900FB4F99 /* PostService.swift */,
			);
			path = API;
			sourceTree = "<group>";
		};
		904DB4F52997AA4D00704C08 /* Utils */ = {
			isa = PBXGroup;
			children = (
				904DB52629983A9E00704C08 /* Extensions.swift */,
				903555ED299BEA3D008E34D5 /* Constants.swift */,
			);
			path = Utils;
			sourceTree = "<group>";
		};
		904DB5282998E96400704C08 /* Auth */ = {
			isa = PBXGroup;
			children = (
				904DB5292998E97700704C08 /* RegistrationController.swift */,
				904DB52B2998EBC300704C08 /* LoginController.swift */,
			);
			path = Auth;
			sourceTree = "<group>";
		};
		904DB537299A8F8600704C08 /* Profile */ = {
			isa = PBXGroup;
			children = (
				904DB53C299A8FB400704C08 /* ProfileHeader.swift */,
			);
			path = Profile;
			sourceTree = "<group>";
		};
		9073F22D29969CE6003143B2 = {
			isa = PBXGroup;
			children = (
				9073F23829969CE6003143B2 /* Nanameue Mini App */,
				909E007F29A040D200879BA4 /* Nanameue Mini AppTests */,
				9073F23729969CE6003143B2 /* Products */,
				C9F4B5FA43820FB14C6025BA /* Pods */,
				044939C53D393982C3ED1B1E /* Frameworks */,
			);
			sourceTree = "<group>";
		};
		9073F23729969CE6003143B2 /* Products */ = {
			isa = PBXGroup;
			children = (
				9073F23629969CE6003143B2 /* Nanameue Mini App.app */,
				909E007E29A040D200879BA4 /* Nanameue Mini AppTests.xctest */,
			);
			name = Products;
			sourceTree = "<group>";
		};
		9073F23829969CE6003143B2 /* Nanameue Mini App */ = {
			isa = PBXGroup;
			children = (
				904DB4F32997AA3100704C08 /* Model */,
				904DB4F02997AA1600704C08 /* View */,
				904DB4F12997AA1A00704C08 /* ViewModel */,
				904DB4F22997AA2300704C08 /* Controller */,
				904DB4F42997AA4500704C08 /* API */,
				904DB4F52997AA4D00704C08 /* Utils */,
				9073F24D2996A0AB003143B2 /* Storyboard */,
				9073F23929969CE6003143B2 /* AppDelegate.swift */,
				904DB5182997AB3300704C08 /* SceneDelegate.swift */,
				9073F24229969CE8003143B2 /* Assets.xcassets */,
				9073F24429969CE8003143B2 /* LaunchScreen.storyboard */,
				9073F24729969CE8003143B2 /* Info.plist */,
				904DB531299971D600704C08 /* GoogleService-Info.plist */,
			);
			path = "Nanameue Mini App";
			sourceTree = "<group>";
		};
		9073F24D2996A0AB003143B2 /* Storyboard */ = {
			isa = PBXGroup;
			children = (
				9073F23F29969CE6003143B2 /* Main.storyboard */,
			);
			path = Storyboard;
			sourceTree = "<group>";
		};
		909E007F29A040D200879BA4 /* Nanameue Mini AppTests */ = {
			isa = PBXGroup;
			children = (
				909E008029A040D200879BA4 /* AuthenticationModelTests.swift */,
			);
			path = "Nanameue Mini AppTests";
			sourceTree = "<group>";
		};
		90A5B7E9299E6CA000FB4F99 /* Feed */ = {
			isa = PBXGroup;
			children = (
				904DB5242998395200704C08 /* FeedCollectionViewCell.swift */,
				90A5B7EA299E6CCB00FB4F99 /* TextOnlyPostCell.swift */,
				90A5B7EC299E6D4E00FB4F99 /* ImageOnlyPostCell.swift */,
			);
			path = Feed;
			sourceTree = "<group>";
		};
		C9F4B5FA43820FB14C6025BA /* Pods */ = {
			isa = PBXGroup;
			children = (
				E3CD077D9D1093A07DD49C9C /* Pods-Nanameue Mini App.debug.xcconfig */,
				E4AA052CF754F083EEBEFB3B /* Pods-Nanameue Mini App.release.xcconfig */,
			);
			path = Pods;
			sourceTree = "<group>";
		};
/* End PBXGroup section */

/* Begin PBXNativeTarget section */
		9073F23529969CE6003143B2 /* Nanameue Mini App */ = {
			isa = PBXNativeTarget;
			buildConfigurationList = 9073F24A29969CE8003143B2 /* Build configuration list for PBXNativeTarget "Nanameue Mini App" */;
			buildPhases = (
				868C48B655CC7BEF78043E71 /* [CP] Check Pods Manifest.lock */,
				9073F23229969CE6003143B2 /* Sources */,
				9073F23329969CE6003143B2 /* Frameworks */,
				9073F23429969CE6003143B2 /* Resources */,
				3865C91B5CBEC205AF1A3B46 /* [CP] Embed Pods Frameworks */,
			);
			buildRules = (
			);
			dependencies = (
			);
			name = "Nanameue Mini App";
			productName = "Nanameue Mini App";
			productReference = 9073F23629969CE6003143B2 /* Nanameue Mini App.app */;
			productType = "com.apple.product-type.application";
		};
		909E007D29A040D200879BA4 /* Nanameue Mini AppTests */ = {
			isa = PBXNativeTarget;
			buildConfigurationList = 909E008629A040D200879BA4 /* Build configuration list for PBXNativeTarget "Nanameue Mini AppTests" */;
			buildPhases = (
				909E007A29A040D200879BA4 /* Sources */,
				909E007B29A040D200879BA4 /* Frameworks */,
				909E007C29A040D200879BA4 /* Resources */,
			);
			buildRules = (
			);
			dependencies = (
				909E008329A040D200879BA4 /* PBXTargetDependency */,
			);
			name = "Nanameue Mini AppTests";
			productName = "Nanameue Mini AppTests";
			productReference = 909E007E29A040D200879BA4 /* Nanameue Mini AppTests.xctest */;
			productType = "com.apple.product-type.bundle.unit-test";
		};
/* End PBXNativeTarget section */

/* Begin PBXProject section */
		9073F22E29969CE6003143B2 /* Project object */ = {
			isa = PBXProject;
			attributes = {
				BuildIndependentTargetsInParallel = 1;
				LastSwiftUpdateCheck = 1400;
				LastUpgradeCheck = 1400;
				TargetAttributes = {
					9073F23529969CE6003143B2 = {
						CreatedOnToolsVersion = 14.0.1;
					};
					909E007D29A040D200879BA4 = {
						CreatedOnToolsVersion = 14.0.1;
						TestTargetID = 9073F23529969CE6003143B2;
					};
				};
			};
			buildConfigurationList = 9073F23129969CE6003143B2 /* Build configuration list for PBXProject "Nanameue Mini App" */;
			compatibilityVersion = "Xcode 14.0";
			developmentRegion = en;
			hasScannedForEncodings = 0;
			knownRegions = (
				en,
				Base,
			);
			mainGroup = 9073F22D29969CE6003143B2;
			productRefGroup = 9073F23729969CE6003143B2 /* Products */;
			projectDirPath = "";
			projectRoot = "";
			targets = (
				9073F23529969CE6003143B2 /* Nanameue Mini App */,
				909E007D29A040D200879BA4 /* Nanameue Mini AppTests */,
			);
		};
/* End PBXProject section */

/* Begin PBXResourcesBuildPhase section */
		9073F23429969CE6003143B2 /* Resources */ = {
			isa = PBXResourcesBuildPhase;
			buildActionMask = 2147483647;
			files = (
				9073F24629969CE8003143B2 /* LaunchScreen.storyboard in Resources */,
				904DB532299971D600704C08 /* GoogleService-Info.plist in Resources */,
				9073F24329969CE8003143B2 /* Assets.xcassets in Resources */,
				9073F24129969CE6003143B2 /* Main.storyboard in Resources */,
			);
			runOnlyForDeploymentPostprocessing = 0;
		};
		909E007C29A040D200879BA4 /* Resources */ = {
			isa = PBXResourcesBuildPhase;
			buildActionMask = 2147483647;
			files = (
			);
			runOnlyForDeploymentPostprocessing = 0;
		};
/* End PBXResourcesBuildPhase section */

/* Begin PBXShellScriptBuildPhase section */
		3865C91B5CBEC205AF1A3B46 /* [CP] Embed Pods Frameworks */ = {
			isa = PBXShellScriptBuildPhase;
			buildActionMask = 2147483647;
			files = (
			);
			inputFileListPaths = (
				"${PODS_ROOT}/Target Support Files/Pods-Nanameue Mini App/Pods-Nanameue Mini App-frameworks-${CONFIGURATION}-input-files.xcfilelist",
			);
			name = "[CP] Embed Pods Frameworks";
			outputFileListPaths = (
				"${PODS_ROOT}/Target Support Files/Pods-Nanameue Mini App/Pods-Nanameue Mini App-frameworks-${CONFIGURATION}-output-files.xcfilelist",
			);
			runOnlyForDeploymentPostprocessing = 0;
			shellPath = /bin/sh;
			shellScript = "\"${PODS_ROOT}/Target Support Files/Pods-Nanameue Mini App/Pods-Nanameue Mini App-frameworks.sh\"\n";
			showEnvVarsInLog = 0;
		};
		868C48B655CC7BEF78043E71 /* [CP] Check Pods Manifest.lock */ = {
			isa = PBXShellScriptBuildPhase;
			buildActionMask = 2147483647;
			files = (
			);
			inputFileListPaths = (
			);
			inputPaths = (
				"${PODS_PODFILE_DIR_PATH}/Podfile.lock",
				"${PODS_ROOT}/Manifest.lock",
			);
			name = "[CP] Check Pods Manifest.lock";
			outputFileListPaths = (
			);
			outputPaths = (
				"$(DERIVED_FILE_DIR)/Pods-Nanameue Mini App-checkManifestLockResult.txt",
			);
			runOnlyForDeploymentPostprocessing = 0;
			shellPath = /bin/sh;
			shellScript = "diff \"${PODS_PODFILE_DIR_PATH}/Podfile.lock\" \"${PODS_ROOT}/Manifest.lock\" > /dev/null\nif [ $? != 0 ] ; then\n    # print error to STDERR\n    echo \"error: The sandbox is not in sync with the Podfile.lock. Run 'pod install' or update your CocoaPods installation.\" >&2\n    exit 1\nfi\n# This output is used by Xcode 'outputs' to avoid re-running this script phase.\necho \"SUCCESS\" > \"${SCRIPT_OUTPUT_FILE_0}\"\n";
			showEnvVarsInLog = 0;
		};
/* End PBXShellScriptBuildPhase section */

/* Begin PBXSourcesBuildPhase section */
		9073F23229969CE6003143B2 /* Sources */ = {
			isa = PBXSourcesBuildPhase;
			buildActionMask = 2147483647;
			files = (
				90A5B7E8299D8B9200FB4F99 /* PostViewModel.swift in Sources */,
				903555F6299C1EB4008E34D5 /* PostUploadController.swift in Sources */,
				90A5B7E6299D87EF00FB4F99 /* PostModel.swift in Sources */,
				904DB52E2998FF7B00704C08 /* CustomTextField.swift in Sources */,
				903555FA299C310D008E34D5 /* MultiLineInputTextView.swift in Sources */,
				903555EE299BEA3D008E34D5 /* Constants.swift in Sources */,
				904DB51D2997AF8300704C08 /* SearchController.swift in Sources */,
				904DB5302999272600704C08 /* AuthenticationViewModel.swift in Sources */,
				904DB52C2998EBC300704C08 /* LoginController.swift in Sources */,
				9073F23A29969CE6003143B2 /* AppDelegate.swift in Sources */,
				90A5B7E4299D6A6900FB4F99 /* PostService.swift in Sources */,
				904DB51F2997AF9200704C08 /* NotificationController.swift in Sources */,
				904DB4F72997AA8C00704C08 /* MainTabController.swift in Sources */,
				904DB53D299A8FB400704C08 /* ProfileHeader.swift in Sources */,
				90A5B7EB299E6CCB00FB4F99 /* TextOnlyPostCell.swift in Sources */,
				904DB5362999796B00704C08 /* AuthenticationService.swift in Sources */,
				904DB5232997AFB100704C08 /* ProfileController.swift in Sources */,
				904DB52729983A9E00704C08 /* Extensions.swift in Sources */,
				90A5B7ED299E6D4E00FB4F99 /* ImageOnlyPostCell.swift in Sources */,
				903555EC299BEA27008E34D5 /* ProfileService.swift in Sources */,
				904DB52A2998E97700704C08 /* RegistrationController.swift in Sources */,
				904DB5252998395200704C08 /* FeedCollectionViewCell.swift in Sources */,
				904DB51B2997AECC00704C08 /* MainFeedController.swift in Sources */,
				904DB5342999758600704C08 /* UploadImage.swift in Sources */,
				904DB5212997AFA800704C08 /* PostMakerController.swift in Sources */,
				903555F0299BEC42008E34D5 /* UserModel.swift in Sources */,
				904DB5192997AB3300704C08 /* SceneDelegate.swift in Sources */,
			);
			runOnlyForDeploymentPostprocessing = 0;
		};
		909E007A29A040D200879BA4 /* Sources */ = {
			isa = PBXSourcesBuildPhase;
			buildActionMask = 2147483647;
			files = (
				909E008129A040D200879BA4 /* AuthenticationModelTests.swift in Sources */,
			);
			runOnlyForDeploymentPostprocessing = 0;
		};
/* End PBXSourcesBuildPhase section */

/* Begin PBXTargetDependency section */
		909E008329A040D200879BA4 /* PBXTargetDependency */ = {
			isa = PBXTargetDependency;
			target = 9073F23529969CE6003143B2 /* Nanameue Mini App */;
			targetProxy = 909E008229A040D200879BA4 /* PBXContainerItemProxy */;
		};
/* End PBXTargetDependency section */

/* Begin PBXVariantGroup section */
		9073F23F29969CE6003143B2 /* Main.storyboard */ = {
			isa = PBXVariantGroup;
			children = (
				9073F24029969CE6003143B2 /* Base */,
			);
			name = Main.storyboard;
			sourceTree = "<group>";
		};
		9073F24429969CE8003143B2 /* LaunchScreen.storyboard */ = {
			isa = PBXVariantGroup;
			children = (
				9073F24529969CE8003143B2 /* Base */,
			);
			name = LaunchScreen.storyboard;
			sourceTree = "<group>";
		};
/* End PBXVariantGroup section */

/* Begin XCBuildConfiguration section */
		9073F24829969CE8003143B2 /* Debug */ = {
			isa = XCBuildConfiguration;
			buildSettings = {
				ALWAYS_SEARCH_USER_PATHS = NO;
				CLANG_ANALYZER_NONNULL = YES;
				CLANG_ANALYZER_NUMBER_OBJECT_CONVERSION = YES_AGGRESSIVE;
				CLANG_CXX_LANGUAGE_STANDARD = "gnu++20";
				CLANG_ENABLE_MODULES = YES;
				CLANG_ENABLE_OBJC_ARC = YES;
				CLANG_ENABLE_OBJC_WEAK = YES;
				CLANG_WARN_BLOCK_CAPTURE_AUTORELEASING = YES;
				CLANG_WARN_BOOL_CONVERSION = YES;
				CLANG_WARN_COMMA = YES;
				CLANG_WARN_CONSTANT_CONVERSION = YES;
				CLANG_WARN_DEPRECATED_OBJC_IMPLEMENTATIONS = YES;
				CLANG_WARN_DIRECT_OBJC_ISA_USAGE = YES_ERROR;
				CLANG_WARN_DOCUMENTATION_COMMENTS = YES;
				CLANG_WARN_EMPTY_BODY = YES;
				CLANG_WARN_ENUM_CONVERSION = YES;
				CLANG_WARN_INFINITE_RECURSION = YES;
				CLANG_WARN_INT_CONVERSION = YES;
				CLANG_WARN_NON_LITERAL_NULL_CONVERSION = YES;
				CLANG_WARN_OBJC_IMPLICIT_RETAIN_SELF = YES;
				CLANG_WARN_OBJC_LITERAL_CONVERSION = YES;
				CLANG_WARN_OBJC_ROOT_CLASS = YES_ERROR;
				CLANG_WARN_QUOTED_INCLUDE_IN_FRAMEWORK_HEADER = YES;
				CLANG_WARN_RANGE_LOOP_ANALYSIS = YES;
				CLANG_WARN_STRICT_PROTOTYPES = YES;
				CLANG_WARN_SUSPICIOUS_MOVE = YES;
				CLANG_WARN_UNGUARDED_AVAILABILITY = YES_AGGRESSIVE;
				CLANG_WARN_UNREACHABLE_CODE = YES;
				CLANG_WARN__DUPLICATE_METHOD_MATCH = YES;
				COPY_PHASE_STRIP = NO;
				DEBUG_INFORMATION_FORMAT = dwarf;
				ENABLE_STRICT_OBJC_MSGSEND = YES;
				ENABLE_TESTABILITY = YES;
				GCC_C_LANGUAGE_STANDARD = gnu11;
				GCC_DYNAMIC_NO_PIC = NO;
				GCC_NO_COMMON_BLOCKS = YES;
				GCC_OPTIMIZATION_LEVEL = 0;
				GCC_PREPROCESSOR_DEFINITIONS = (
					"DEBUG=1",
					"$(inherited)",
				);
				GCC_WARN_64_TO_32_BIT_CONVERSION = YES;
				GCC_WARN_ABOUT_RETURN_TYPE = YES_ERROR;
				GCC_WARN_UNDECLARED_SELECTOR = YES;
				GCC_WARN_UNINITIALIZED_AUTOS = YES_AGGRESSIVE;
				GCC_WARN_UNUSED_FUNCTION = YES;
				GCC_WARN_UNUSED_VARIABLE = YES;
				IPHONEOS_DEPLOYMENT_TARGET = 13.0;
				MTL_ENABLE_DEBUG_INFO = INCLUDE_SOURCE;
				MTL_FAST_MATH = YES;
				ONLY_ACTIVE_ARCH = YES;
				SDKROOT = iphoneos;
				SWIFT_ACTIVE_COMPILATION_CONDITIONS = DEBUG;
				SWIFT_OPTIMIZATION_LEVEL = "-Onone";
			};
			name = Debug;
		};
		9073F24929969CE8003143B2 /* Release */ = {
			isa = XCBuildConfiguration;
			buildSettings = {
				ALWAYS_SEARCH_USER_PATHS = NO;
				CLANG_ANALYZER_NONNULL = YES;
				CLANG_ANALYZER_NUMBER_OBJECT_CONVERSION = YES_AGGRESSIVE;
				CLANG_CXX_LANGUAGE_STANDARD = "gnu++20";
				CLANG_ENABLE_MODULES = YES;
				CLANG_ENABLE_OBJC_ARC = YES;
				CLANG_ENABLE_OBJC_WEAK = YES;
				CLANG_WARN_BLOCK_CAPTURE_AUTORELEASING = YES;
				CLANG_WARN_BOOL_CONVERSION = YES;
				CLANG_WARN_COMMA = YES;
				CLANG_WARN_CONSTANT_CONVERSION = YES;
				CLANG_WARN_DEPRECATED_OBJC_IMPLEMENTATIONS = YES;
				CLANG_WARN_DIRECT_OBJC_ISA_USAGE = YES_ERROR;
				CLANG_WARN_DOCUMENTATION_COMMENTS = YES;
				CLANG_WARN_EMPTY_BODY = YES;
				CLANG_WARN_ENUM_CONVERSION = YES;
				CLANG_WARN_INFINITE_RECURSION = YES;
				CLANG_WARN_INT_CONVERSION = YES;
				CLANG_WARN_NON_LITERAL_NULL_CONVERSION = YES;
				CLANG_WARN_OBJC_IMPLICIT_RETAIN_SELF = YES;
				CLANG_WARN_OBJC_LITERAL_CONVERSION = YES;
				CLANG_WARN_OBJC_ROOT_CLASS = YES_ERROR;
				CLANG_WARN_QUOTED_INCLUDE_IN_FRAMEWORK_HEADER = YES;
				CLANG_WARN_RANGE_LOOP_ANALYSIS = YES;
				CLANG_WARN_STRICT_PROTOTYPES = YES;
				CLANG_WARN_SUSPICIOUS_MOVE = YES;
				CLANG_WARN_UNGUARDED_AVAILABILITY = YES_AGGRESSIVE;
				CLANG_WARN_UNREACHABLE_CODE = YES;
				CLANG_WARN__DUPLICATE_METHOD_MATCH = YES;
				COPY_PHASE_STRIP = NO;
				DEBUG_INFORMATION_FORMAT = "dwarf-with-dsym";
				ENABLE_NS_ASSERTIONS = NO;
				ENABLE_STRICT_OBJC_MSGSEND = YES;
				GCC_C_LANGUAGE_STANDARD = gnu11;
				GCC_NO_COMMON_BLOCKS = YES;
				GCC_WARN_64_TO_32_BIT_CONVERSION = YES;
				GCC_WARN_ABOUT_RETURN_TYPE = YES_ERROR;
				GCC_WARN_UNDECLARED_SELECTOR = YES;
				GCC_WARN_UNINITIALIZED_AUTOS = YES_AGGRESSIVE;
				GCC_WARN_UNUSED_FUNCTION = YES;
				GCC_WARN_UNUSED_VARIABLE = YES;
				IPHONEOS_DEPLOYMENT_TARGET = 13.0;
				MTL_ENABLE_DEBUG_INFO = NO;
				MTL_FAST_MATH = YES;
				SDKROOT = iphoneos;
				SWIFT_COMPILATION_MODE = wholemodule;
				SWIFT_OPTIMIZATION_LEVEL = "-O";
				VALIDATE_PRODUCT = YES;
			};
			name = Release;
		};
		9073F24B29969CE8003143B2 /* Debug */ = {
			isa = XCBuildConfiguration;
			baseConfigurationReference = E3CD077D9D1093A07DD49C9C /* Pods-Nanameue Mini App.debug.xcconfig */;
			buildSettings = {
				ASSETCATALOG_COMPILER_APPICON_NAME = AppIcon;
				ASSETCATALOG_COMPILER_GLOBAL_ACCENT_COLOR_NAME = AccentColor;
				CODE_SIGN_STYLE = Automatic;
				CURRENT_PROJECT_VERSION = 1;
				DEVELOPMENT_TEAM = R7795MTWN8;
				GENERATE_INFOPLIST_FILE = YES;
				INFOPLIST_FILE = "Nanameue Mini App/Info.plist";
				INFOPLIST_KEY_CFBundleDisplayName = Minigram;
				INFOPLIST_KEY_LSApplicationCategoryType = "public.app-category.social-networking";
				INFOPLIST_KEY_UIApplicationSupportsIndirectInputEvents = YES;
				INFOPLIST_KEY_UILaunchStoryboardName = LaunchScreen;
				INFOPLIST_KEY_UIMainStoryboardFile = Main;
				INFOPLIST_KEY_UISupportedInterfaceOrientations = "UIInterfaceOrientationLandscapeLeft UIInterfaceOrientationLandscapeRight UIInterfaceOrientationPortrait";
				INFOPLIST_KEY_UISupportedInterfaceOrientations_iPad = "UIInterfaceOrientationLandscapeLeft UIInterfaceOrientationLandscapeRight UIInterfaceOrientationPortrait UIInterfaceOrientationPortraitUpsideDown";
				IPHONEOS_DEPLOYMENT_TARGET = 13.0;
				LD_RUNPATH_SEARCH_PATHS = (
					"$(inherited)",
					"@executable_path/Frameworks",
				);
				MARKETING_VERSION = 1.0;
				PRODUCT_BUNDLE_IDENTIFIER = "com.shahid.Nanameue-Mini-App";
				PRODUCT_NAME = "$(TARGET_NAME)";
				SWIFT_EMIT_LOC_STRINGS = YES;
				SWIFT_VERSION = 5.0;
				TARGETED_DEVICE_FAMILY = "1,2";
			};
			name = Debug;
		};
		9073F24C29969CE8003143B2 /* Release */ = {
			isa = XCBuildConfiguration;
			baseConfigurationReference = E4AA052CF754F083EEBEFB3B /* Pods-Nanameue Mini App.release.xcconfig */;
			buildSettings = {
				ASSETCATALOG_COMPILER_APPICON_NAME = AppIcon;
				ASSETCATALOG_COMPILER_GLOBAL_ACCENT_COLOR_NAME = AccentColor;
				CODE_SIGN_STYLE = Automatic;
				CURRENT_PROJECT_VERSION = 1;
				DEVELOPMENT_TEAM = R7795MTWN8;
				GENERATE_INFOPLIST_FILE = YES;
				INFOPLIST_FILE = "Nanameue Mini App/Info.plist";
				INFOPLIST_KEY_CFBundleDisplayName = Minigram;
				INFOPLIST_KEY_LSApplicationCategoryType = "public.app-category.social-networking";
				INFOPLIST_KEY_UIApplicationSupportsIndirectInputEvents = YES;
				INFOPLIST_KEY_UILaunchStoryboardName = LaunchScreen;
				INFOPLIST_KEY_UIMainStoryboardFile = Main;
				INFOPLIST_KEY_UISupportedInterfaceOrientations = "UIInterfaceOrientationLandscapeLeft UIInterfaceOrientationLandscapeRight UIInterfaceOrientationPortrait";
				INFOPLIST_KEY_UISupportedInterfaceOrientations_iPad = "UIInterfaceOrientationLandscapeLeft UIInterfaceOrientationLandscapeRight UIInterfaceOrientationPortrait UIInterfaceOrientationPortraitUpsideDown";
				IPHONEOS_DEPLOYMENT_TARGET = 13.0;
				LD_RUNPATH_SEARCH_PATHS = (
					"$(inherited)",
					"@executable_path/Frameworks",
				);
				MARKETING_VERSION = 1.0;
				PRODUCT_BUNDLE_IDENTIFIER = "com.shahid.Nanameue-Mini-App";
				PRODUCT_NAME = "$(TARGET_NAME)";
				SWIFT_EMIT_LOC_STRINGS = YES;
				SWIFT_VERSION = 5.0;
				TARGETED_DEVICE_FAMILY = "1,2";
			};
			name = Release;
		};
		909E008429A040D200879BA4 /* Debug */ = {
			isa = XCBuildConfiguration;
			buildSettings = {
				BUNDLE_LOADER = "$(TEST_HOST)";
				CODE_SIGN_STYLE = Automatic;
				CURRENT_PROJECT_VERSION = 1;
				DEVELOPMENT_TEAM = R7795MTWN8;
				GENERATE_INFOPLIST_FILE = YES;
				IPHONEOS_DEPLOYMENT_TARGET = 13.0;
				MARKETING_VERSION = 1.0;
				PRODUCT_BUNDLE_IDENTIFIER = "com.shahid.Nanameue-Mini-AppTests";
				PRODUCT_NAME = "$(TARGET_NAME)";
				SWIFT_EMIT_LOC_STRINGS = NO;
				SWIFT_VERSION = 5.0;
				TARGETED_DEVICE_FAMILY = "1,2";
				TEST_HOST = "$(BUILT_PRODUCTS_DIR)/Nanameue Mini App.app/$(BUNDLE_EXECUTABLE_FOLDER_PATH)/Nanameue Mini App";
			};
			name = Debug;
		};
		909E008529A040D200879BA4 /* Release */ = {
			isa = XCBuildConfiguration;
			buildSettings = {
				BUNDLE_LOADER = "$(TEST_HOST)";
				CODE_SIGN_STYLE = Automatic;
				CURRENT_PROJECT_VERSION = 1;
				DEVELOPMENT_TEAM = R7795MTWN8;
				GENERATE_INFOPLIST_FILE = YES;
				IPHONEOS_DEPLOYMENT_TARGET = 13.0;
				MARKETING_VERSION = 1.0;
				PRODUCT_BUNDLE_IDENTIFIER = "com.shahid.Nanameue-Mini-AppTests";
				PRODUCT_NAME = "$(TARGET_NAME)";
				SWIFT_EMIT_LOC_STRINGS = NO;
				SWIFT_VERSION = 5.0;
				TARGETED_DEVICE_FAMILY = "1,2";
				TEST_HOST = "$(BUILT_PRODUCTS_DIR)/Nanameue Mini App.app/$(BUNDLE_EXECUTABLE_FOLDER_PATH)/Nanameue Mini App";
			};
			name = Release;
		};
/* End XCBuildConfiguration section */

/* Begin XCConfigurationList section */
		9073F23129969CE6003143B2 /* Build configuration list for PBXProject "Nanameue Mini App" */ = {
			isa = XCConfigurationList;
			buildConfigurations = (
				9073F24829969CE8003143B2 /* Debug */,
				9073F24929969CE8003143B2 /* Release */,
			);
			defaultConfigurationIsVisible = 0;
			defaultConfigurationName = Release;
		};
		9073F24A29969CE8003143B2 /* Build configuration list for PBXNativeTarget "Nanameue Mini App" */ = {
			isa = XCConfigurationList;
			buildConfigurations = (
				9073F24B29969CE8003143B2 /* Debug */,
				9073F24C29969CE8003143B2 /* Release */,
			);
			defaultConfigurationIsVisible = 0;
			defaultConfigurationName = Release;
		};
		909E008629A040D200879BA4 /* Build configuration list for PBXNativeTarget "Nanameue Mini AppTests" */ = {
			isa = XCConfigurationList;
			buildConfigurations = (
				909E008429A040D200879BA4 /* Debug */,
				909E008529A040D200879BA4 /* Release */,
			);
			defaultConfigurationIsVisible = 0;
			defaultConfigurationName = Release;
		};
/* End XCConfigurationList section */
	};
	rootObject = 9073F22E29969CE6003143B2 /* Project object */;
}
